[root]
name = "sucredb"
version = "0.1.0"
dependencies = [
 "bincode 1.0.0-alpha6 (git+https://github.com/TyOverby/bincode.git)",
 "byteorder 1.0.0 (registry+https://github.com/rust-lang/crates.io-index)",
 "bytes 0.4.1 (git+https://github.com/arthurprs/bytes?branch=serde)",
 "clap 2.22.2 (registry+https://github.com/rust-lang/crates.io-index)",
 "crc16 0.3.3 (registry+https://github.com/rust-lang/crates.io-index)",
 "env_logger 0.4.2 (registry+https://github.com/rust-lang/crates.io-index)",
 "etcd 0.5.5 (registry+https://github.com/rust-lang/crates.io-index)",
 "futures 0.1.11 (registry+https://github.com/rust-lang/crates.io-index)",
 "lazy_static 0.2.6 (registry+https://github.com/rust-lang/crates.io-index)",
 "linear-map 1.1.0 (git+https://github.com/arthurprs/linear-map.git)",
 "lmdb-rs 0.7.5 (registry+https://github.com/rust-lang/crates.io-index)",
 "log 0.3.7 (registry+https://github.com/rust-lang/crates.io-index)",
 "metrics 0.2.2 (registry+https://github.com/rust-lang/crates.io-index)",
 "nodrop 0.1.9 (registry+https://github.com/rust-lang/crates.io-index)",
 "ramp 0.3.3 (registry+https://github.com/rust-lang/crates.io-index)",
 "rand 0.3.15 (registry+https://github.com/rust-lang/crates.io-index)",
 "serde 0.9.12 (registry+https://github.com/rust-lang/crates.io-index)",
 "serde_derive 0.9.12 (registry+https://github.com/rust-lang/crates.io-index)",
 "serde_json 0.9.9 (registry+https://github.com/rust-lang/crates.io-index)",
 "tokio-core 0.1.6 (registry+https://github.com/rust-lang/crates.io-index)",
 "tokio-io 0.1.1 (registry+https://github.com/rust-lang/crates.io-index)",
]

[[package]]
name = "aho-corasick"
version = "0.6.3"
source = "registry+https://github.com/rust-lang/crates.io-index"
dependencies = [
 "memchr 1.0.1 (registry+https://github.com/rust-lang/crates.io-index)",
]

[[package]]
name = "ansi_term"
version = "0.9.0"
source = "registry+https://github.com/rust-lang/crates.io-index"

[[package]]
name = "atty"
version = "0.2.2"
source = "registry+https://github.com/rust-lang/crates.io-index"
dependencies = [
 "kernel32-sys 0.2.2 (registry+https://github.com/rust-lang/crates.io-index)",
 "libc 0.2.21 (registry+https://github.com/rust-lang/crates.io-index)",
 "winapi 0.2.8 (registry+https://github.com/rust-lang/crates.io-index)",
]

[[package]]
name = "bincode"
version = "1.0.0-alpha6"
source = "git+https://github.com/TyOverby/bincode.git#9e15eedfea8ccd1c78c0bcee71603ae88d0b0c7c"
dependencies = [
 "byteorder 1.0.0 (registry+https://github.com/rust-lang/crates.io-index)",
 "num-traits 0.1.37 (registry+https://github.com/rust-lang/crates.io-index)",
 "serde 0.9.12 (registry+https://github.com/rust-lang/crates.io-index)",
]

[[package]]
name = "bitflags"
version = "0.7.0"
source = "registry+https://github.com/rust-lang/crates.io-index"

[[package]]
name = "bitflags"
version = "0.8.2"
source = "registry+https://github.com/rust-lang/crates.io-index"

[[package]]
name = "byteorder"
version = "1.0.0"
source = "registry+https://github.com/rust-lang/crates.io-index"

[[package]]
name = "bytes"
version = "0.4.1"
source = "git+https://github.com/arthurprs/bytes?branch=serde#2cd1856bfb77d72ab9df0eaa8da8023ee2381d1d"
dependencies = [
 "byteorder 1.0.0 (registry+https://github.com/rust-lang/crates.io-index)",
 "iovec 0.1.0 (registry+https://github.com/rust-lang/crates.io-index)",
 "serde 0.9.12 (registry+https://github.com/rust-lang/crates.io-index)",
 "serde_test 0.9.12 (registry+https://github.com/rust-lang/crates.io-index)",
]

[[package]]
name = "bytes"
version = "0.4.1"
source = "registry+https://github.com/rust-lang/crates.io-index"
dependencies = [
 "byteorder 1.0.0 (registry+https://github.com/rust-lang/crates.io-index)",
 "iovec 0.1.0 (registry+https://github.com/rust-lang/crates.io-index)",
]

[[package]]
name = "cfg-if"
version = "0.1.0"
source = "registry+https://github.com/rust-lang/crates.io-index"

[[package]]
name = "clap"
version = "2.22.2"
source = "registry+https://github.com/rust-lang/crates.io-index"
dependencies = [
 "ansi_term 0.9.0 (registry+https://github.com/rust-lang/crates.io-index)",
 "atty 0.2.2 (registry+https://github.com/rust-lang/crates.io-index)",
 "bitflags 0.8.2 (registry+https://github.com/rust-lang/crates.io-index)",
 "strsim 0.6.0 (registry+https://github.com/rust-lang/crates.io-index)",
 "term_size 0.2.3 (registry+https://github.com/rust-lang/crates.io-index)",
 "unicode-segmentation 1.1.0 (registry+https://github.com/rust-lang/crates.io-index)",
 "unicode-width 0.1.4 (registry+https://github.com/rust-lang/crates.io-index)",
 "vec_map 0.7.0 (registry+https://github.com/rust-lang/crates.io-index)",
]

[[package]]
name = "cookie"
version = "0.2.5"
source = "registry+https://github.com/rust-lang/crates.io-index"
dependencies = [
 "openssl 0.7.14 (registry+https://github.com/rust-lang/crates.io-index)",
 "rustc-serialize 0.3.23 (registry+https://github.com/rust-lang/crates.io-index)",
 "time 0.1.36 (registry+https://github.com/rust-lang/crates.io-index)",
 "url 1.4.0 (registry+https://github.com/rust-lang/crates.io-index)",
]

[[package]]
name = "crc16"
version = "0.3.3"
source = "registry+https://github.com/rust-lang/crates.io-index"

[[package]]
name = "dtoa"
version = "0.2.2"
source = "registry+https://github.com/rust-lang/crates.io-index"

[[package]]
name = "dtoa"
version = "0.4.1"
source = "registry+https://github.com/rust-lang/crates.io-index"

[[package]]
name = "env_logger"
version = "0.4.2"
source = "registry+https://github.com/rust-lang/crates.io-index"
dependencies = [
 "log 0.3.7 (registry+https://github.com/rust-lang/crates.io-index)",
 "regex 0.2.1 (registry+https://github.com/rust-lang/crates.io-index)",
]

[[package]]
name = "etcd"
version = "0.5.5"
source = "registry+https://github.com/rust-lang/crates.io-index"
dependencies = [
 "hyper 0.8.1 (registry+https://github.com/rust-lang/crates.io-index)",
 "openssl 0.7.14 (registry+https://github.com/rust-lang/crates.io-index)",
 "serde 0.8.23 (registry+https://github.com/rust-lang/crates.io-index)",
 "serde_derive 0.8.23 (registry+https://github.com/rust-lang/crates.io-index)",
 "serde_json 0.8.6 (registry+https://github.com/rust-lang/crates.io-index)",
 "url 0.5.10 (registry+https://github.com/rust-lang/crates.io-index)",
]

[[package]]
name = "futures"
version = "0.1.11"
source = "registry+https://github.com/rust-lang/crates.io-index"

[[package]]
name = "gcc"
version = "0.3.45"
source = "registry+https://github.com/rust-lang/crates.io-index"

[[package]]
name = "gdi32-sys"
version = "0.2.0"
source = "registry+https://github.com/rust-lang/crates.io-index"
dependencies = [
 "winapi 0.2.8 (registry+https://github.com/rust-lang/crates.io-index)",
 "winapi-build 0.1.1 (registry+https://github.com/rust-lang/crates.io-index)",
]

[[package]]
name = "hamming"
version = "0.1.3"
source = "registry+https://github.com/rust-lang/crates.io-index"

[[package]]
name = "histogram"
version = "0.6.4"
source = "registry+https://github.com/rust-lang/crates.io-index"

[[package]]
name = "hpack"
version = "0.2.0"
source = "registry+https://github.com/rust-lang/crates.io-index"
dependencies = [
 "log 0.3.7 (registry+https://github.com/rust-lang/crates.io-index)",
]

[[package]]
name = "httparse"
version = "1.2.1"
source = "registry+https://github.com/rust-lang/crates.io-index"

[[package]]
name = "hyper"
version = "0.8.1"
source = "registry+https://github.com/rust-lang/crates.io-index"
dependencies = [
 "cookie 0.2.5 (registry+https://github.com/rust-lang/crates.io-index)",
 "httparse 1.2.1 (registry+https://github.com/rust-lang/crates.io-index)",
 "language-tags 0.2.2 (registry+https://github.com/rust-lang/crates.io-index)",
 "log 0.3.7 (registry+https://github.com/rust-lang/crates.io-index)",
 "mime 0.2.3 (registry+https://github.com/rust-lang/crates.io-index)",
 "num_cpus 0.2.13 (registry+https://github.com/rust-lang/crates.io-index)",
 "openssl 0.7.14 (registry+https://github.com/rust-lang/crates.io-index)",
 "rustc-serialize 0.3.23 (registry+https://github.com/rust-lang/crates.io-index)",
 "solicit 0.4.4 (registry+https://github.com/rust-lang/crates.io-index)",
 "time 0.1.36 (registry+https://github.com/rust-lang/crates.io-index)",
 "traitobject 0.0.1 (registry+https://github.com/rust-lang/crates.io-index)",
 "typeable 0.1.2 (registry+https://github.com/rust-lang/crates.io-index)",
 "unicase 1.4.0 (registry+https://github.com/rust-lang/crates.io-index)",
 "url 0.5.10 (registry+https://github.com/rust-lang/crates.io-index)",
]

[[package]]
name = "idna"
version = "0.1.0"
source = "registry+https://github.com/rust-lang/crates.io-index"
dependencies = [
 "matches 0.1.4 (registry+https://github.com/rust-lang/crates.io-index)",
 "unicode-bidi 0.2.5 (registry+https://github.com/rust-lang/crates.io-index)",
 "unicode-normalization 0.1.4 (registry+https://github.com/rust-lang/crates.io-index)",
]

[[package]]
name = "ieee754"
version = "0.2.1"
source = "registry+https://github.com/rust-lang/crates.io-index"

[[package]]
name = "iovec"
version = "0.1.0"
source = "registry+https://github.com/rust-lang/crates.io-index"
dependencies = [
 "libc 0.2.21 (registry+https://github.com/rust-lang/crates.io-index)",
 "winapi 0.2.8 (registry+https://github.com/rust-lang/crates.io-index)",
]

[[package]]
name = "itoa"
version = "0.1.1"
source = "registry+https://github.com/rust-lang/crates.io-index"

[[package]]
name = "itoa"
version = "0.3.1"
source = "registry+https://github.com/rust-lang/crates.io-index"

[[package]]
name = "kernel32-sys"
version = "0.2.2"
source = "registry+https://github.com/rust-lang/crates.io-index"
dependencies = [
 "winapi 0.2.8 (registry+https://github.com/rust-lang/crates.io-index)",
 "winapi-build 0.1.1 (registry+https://github.com/rust-lang/crates.io-index)",
]

[[package]]
name = "language-tags"
version = "0.2.2"
source = "registry+https://github.com/rust-lang/crates.io-index"

[[package]]
name = "lazy_static"
version = "0.2.6"
source = "registry+https://github.com/rust-lang/crates.io-index"

[[package]]
name = "lazycell"
version = "0.4.0"
source = "registry+https://github.com/rust-lang/crates.io-index"

[[package]]
name = "libc"
version = "0.2.21"
source = "registry+https://github.com/rust-lang/crates.io-index"

[[package]]
name = "liblmdb-sys"
version = "0.2.2"
source = "registry+https://github.com/rust-lang/crates.io-index"
dependencies = [
 "gcc 0.3.45 (registry+https://github.com/rust-lang/crates.io-index)",
 "libc 0.2.21 (registry+https://github.com/rust-lang/crates.io-index)",
]

[[package]]
name = "libressl-pnacl-sys"
version = "2.1.6"
source = "registry+https://github.com/rust-lang/crates.io-index"
dependencies = [
 "pnacl-build-helper 1.4.11 (registry+https://github.com/rust-lang/crates.io-index)",
]

[[package]]
name = "linear-map"
version = "1.1.0"
source = "git+https://github.com/arthurprs/linear-map.git#5936ff986886fb80cc886a46370f2b3131760873"
dependencies = [
 "serde 0.9.12 (registry+https://github.com/rust-lang/crates.io-index)",
 "serde_test 0.9.12 (registry+https://github.com/rust-lang/crates.io-index)",
]

[[package]]
name = "lmdb-rs"
version = "0.7.5"
source = "registry+https://github.com/rust-lang/crates.io-index"
dependencies = [
 "bitflags 0.7.0 (registry+https://github.com/rust-lang/crates.io-index)",
 "libc 0.2.21 (registry+https://github.com/rust-lang/crates.io-index)",
 "liblmdb-sys 0.2.2 (registry+https://github.com/rust-lang/crates.io-index)",
 "log 0.3.7 (registry+https://github.com/rust-lang/crates.io-index)",
]

[[package]]
name = "log"
version = "0.3.7"
source = "registry+https://github.com/rust-lang/crates.io-index"

[[package]]
name = "matches"
version = "0.1.4"
source = "registry+https://github.com/rust-lang/crates.io-index"

[[package]]
name = "memchr"
version = "1.0.1"
source = "registry+https://github.com/rust-lang/crates.io-index"
dependencies = [
 "libc 0.2.21 (registry+https://github.com/rust-lang/crates.io-index)",
]

[[package]]
name = "metrics"
version = "0.2.2"
source = "registry+https://github.com/rust-lang/crates.io-index"
dependencies = [
 "histogram 0.6.4 (registry+https://github.com/rust-lang/crates.io-index)",
 "log 0.3.7 (registry+https://github.com/rust-lang/crates.io-index)",
 "time 0.1.36 (registry+https://github.com/rust-lang/crates.io-index)",
]

[[package]]
name = "mime"
version = "0.2.3"
source = "registry+https://github.com/rust-lang/crates.io-index"
dependencies = [
 "log 0.3.7 (registry+https://github.com/rust-lang/crates.io-index)",
]

[[package]]
name = "mio"
version = "0.6.6"
source = "registry+https://github.com/rust-lang/crates.io-index"
dependencies = [
 "iovec 0.1.0 (registry+https://github.com/rust-lang/crates.io-index)",
 "kernel32-sys 0.2.2 (registry+https://github.com/rust-lang/crates.io-index)",
 "lazycell 0.4.0 (registry+https://github.com/rust-lang/crates.io-index)",
 "libc 0.2.21 (registry+https://github.com/rust-lang/crates.io-index)",
 "log 0.3.7 (registry+https://github.com/rust-lang/crates.io-index)",
 "miow 0.2.1 (registry+https://github.com/rust-lang/crates.io-index)",
 "net2 0.2.27 (registry+https://github.com/rust-lang/crates.io-index)",
 "slab 0.3.0 (registry+https://github.com/rust-lang/crates.io-index)",
 "winapi 0.2.8 (registry+https://github.com/rust-lang/crates.io-index)",
]

[[package]]
name = "miow"
version = "0.2.1"
source = "registry+https://github.com/rust-lang/crates.io-index"
dependencies = [
 "kernel32-sys 0.2.2 (registry+https://github.com/rust-lang/crates.io-index)",
 "net2 0.2.27 (registry+https://github.com/rust-lang/crates.io-index)",
 "winapi 0.2.8 (registry+https://github.com/rust-lang/crates.io-index)",
 "ws2_32-sys 0.2.1 (registry+https://github.com/rust-lang/crates.io-index)",
]

[[package]]
name = "net2"
version = "0.2.27"
source = "registry+https://github.com/rust-lang/crates.io-index"
dependencies = [
 "cfg-if 0.1.0 (registry+https://github.com/rust-lang/crates.io-index)",
 "kernel32-sys 0.2.2 (registry+https://github.com/rust-lang/crates.io-index)",
 "libc 0.2.21 (registry+https://github.com/rust-lang/crates.io-index)",
 "winapi 0.2.8 (registry+https://github.com/rust-lang/crates.io-index)",
 "ws2_32-sys 0.2.1 (registry+https://github.com/rust-lang/crates.io-index)",
]

[[package]]
name = "nodrop"
version = "0.1.9"
source = "registry+https://github.com/rust-lang/crates.io-index"
dependencies = [
 "odds 0.2.25 (registry+https://github.com/rust-lang/crates.io-index)",
]

[[package]]
name = "num-traits"
version = "0.1.37"
source = "registry+https://github.com/rust-lang/crates.io-index"

[[package]]
name = "num_cpus"
version = "0.2.13"
source = "registry+https://github.com/rust-lang/crates.io-index"
dependencies = [
 "libc 0.2.21 (registry+https://github.com/rust-lang/crates.io-index)",
]

[[package]]
name = "odds"
version = "0.2.25"
source = "registry+https://github.com/rust-lang/crates.io-index"

[[package]]
name = "openssl"
version = "0.7.14"
source = "registry+https://github.com/rust-lang/crates.io-index"
dependencies = [
 "bitflags 0.7.0 (registry+https://github.com/rust-lang/crates.io-index)",
 "gcc 0.3.45 (registry+https://github.com/rust-lang/crates.io-index)",
 "lazy_static 0.2.6 (registry+https://github.com/rust-lang/crates.io-index)",
 "libc 0.2.21 (registry+https://github.com/rust-lang/crates.io-index)",
 "openssl-sys 0.7.17 (registry+https://github.com/rust-lang/crates.io-index)",
 "openssl-sys-extras 0.7.14 (registry+https://github.com/rust-lang/crates.io-index)",
]

[[package]]
name = "openssl-sys"
version = "0.7.17"
source = "registry+https://github.com/rust-lang/crates.io-index"
dependencies = [
 "gdi32-sys 0.2.0 (registry+https://github.com/rust-lang/crates.io-index)",
 "libc 0.2.21 (registry+https://github.com/rust-lang/crates.io-index)",
 "libressl-pnacl-sys 2.1.6 (registry+https://github.com/rust-lang/crates.io-index)",
 "pkg-config 0.3.9 (registry+https://github.com/rust-lang/crates.io-index)",
 "user32-sys 0.2.0 (registry+https://github.com/rust-lang/crates.io-index)",
]

[[package]]
name = "openssl-sys-extras"
version = "0.7.14"
source = "registry+https://github.com/rust-lang/crates.io-index"
dependencies = [
 "gcc 0.3.45 (registry+https://github.com/rust-lang/crates.io-index)",
 "libc 0.2.21 (registry+https://github.com/rust-lang/crates.io-index)",
 "openssl-sys 0.7.17 (registry+https://github.com/rust-lang/crates.io-index)",
]

[[package]]
name = "pkg-config"
version = "0.3.9"
source = "registry+https://github.com/rust-lang/crates.io-index"

[[package]]
name = "pnacl-build-helper"
version = "1.4.11"
source = "registry+https://github.com/rust-lang/crates.io-index"
dependencies = [
 "tempdir 0.3.5 (registry+https://github.com/rust-lang/crates.io-index)",
 "walkdir 1.0.7 (registry+https://github.com/rust-lang/crates.io-index)",
]

[[package]]
name = "quote"
version = "0.3.15"
source = "registry+https://github.com/rust-lang/crates.io-index"

[[package]]
name = "ramp"
version = "0.3.3"
source = "registry+https://github.com/rust-lang/crates.io-index"
dependencies = [
 "gcc 0.3.45 (registry+https://github.com/rust-lang/crates.io-index)",
 "hamming 0.1.3 (registry+https://github.com/rust-lang/crates.io-index)",
 "ieee754 0.2.1 (registry+https://github.com/rust-lang/crates.io-index)",
 "num-traits 0.1.37 (registry+https://github.com/rust-lang/crates.io-index)",
 "rand 0.3.15 (registry+https://github.com/rust-lang/crates.io-index)",
]

[[package]]
name = "rand"
version = "0.3.15"
source = "registry+https://github.com/rust-lang/crates.io-index"
dependencies = [
 "libc 0.2.21 (registry+https://github.com/rust-lang/crates.io-index)",
]

[[package]]
name = "redox_syscall"
version = "0.1.17"
source = "registry+https://github.com/rust-lang/crates.io-index"

[[package]]
name = "regex"
version = "0.2.1"
source = "registry+https://github.com/rust-lang/crates.io-index"
dependencies = [
 "aho-corasick 0.6.3 (registry+https://github.com/rust-lang/crates.io-index)",
 "memchr 1.0.1 (registry+https://github.com/rust-lang/crates.io-index)",
 "regex-syntax 0.4.0 (registry+https://github.com/rust-lang/crates.io-index)",
 "thread_local 0.3.3 (registry+https://github.com/rust-lang/crates.io-index)",
 "utf8-ranges 1.0.0 (registry+https://github.com/rust-lang/crates.io-index)",
]

[[package]]
name = "regex-syntax"
version = "0.4.0"
source = "registry+https://github.com/rust-lang/crates.io-index"

[[package]]
name = "rustc-serialize"
version = "0.3.23"
source = "registry+https://github.com/rust-lang/crates.io-index"

[[package]]
name = "rustc_version"
version = "0.1.7"
source = "registry+https://github.com/rust-lang/crates.io-index"
dependencies = [
 "semver 0.1.20 (registry+https://github.com/rust-lang/crates.io-index)",
]

[[package]]
name = "same-file"
version = "0.1.3"
source = "registry+https://github.com/rust-lang/crates.io-index"
dependencies = [
 "kernel32-sys 0.2.2 (registry+https://github.com/rust-lang/crates.io-index)",
 "winapi 0.2.8 (registry+https://github.com/rust-lang/crates.io-index)",
]

[[package]]
name = "scoped-tls"
version = "0.1.0"
source = "registry+https://github.com/rust-lang/crates.io-index"

[[package]]
name = "semver"
version = "0.1.20"
source = "registry+https://github.com/rust-lang/crates.io-index"

[[package]]
name = "serde"
version = "0.8.23"
source = "registry+https://github.com/rust-lang/crates.io-index"

[[package]]
name = "serde"
version = "0.9.12"
source = "registry+https://github.com/rust-lang/crates.io-index"

[[package]]
name = "serde_codegen"
version = "0.8.23"
source = "registry+https://github.com/rust-lang/crates.io-index"
dependencies = [
 "quote 0.3.15 (registry+https://github.com/rust-lang/crates.io-index)",
 "serde_codegen_internals 0.11.3 (registry+https://github.com/rust-lang/crates.io-index)",
 "syn 0.10.8 (registry+https://github.com/rust-lang/crates.io-index)",
]

[[package]]
name = "serde_codegen_internals"
version = "0.11.3"
source = "registry+https://github.com/rust-lang/crates.io-index"
dependencies = [
 "syn 0.10.8 (registry+https://github.com/rust-lang/crates.io-index)",
]

[[package]]
name = "serde_codegen_internals"
version = "0.14.2"
source = "registry+https://github.com/rust-lang/crates.io-index"
dependencies = [
 "syn 0.11.9 (registry+https://github.com/rust-lang/crates.io-index)",
]

[[package]]
name = "serde_derive"
version = "0.8.23"
source = "registry+https://github.com/rust-lang/crates.io-index"
dependencies = [
 "serde_codegen 0.8.23 (registry+https://github.com/rust-lang/crates.io-index)",
]

[[package]]
name = "serde_derive"
version = "0.9.12"
source = "registry+https://github.com/rust-lang/crates.io-index"
dependencies = [
 "quote 0.3.15 (registry+https://github.com/rust-lang/crates.io-index)",
 "serde_codegen_internals 0.14.2 (registry+https://github.com/rust-lang/crates.io-index)",
 "syn 0.11.9 (registry+https://github.com/rust-lang/crates.io-index)",
]

[[package]]
name = "serde_json"
version = "0.8.6"
source = "registry+https://github.com/rust-lang/crates.io-index"
dependencies = [
 "dtoa 0.2.2 (registry+https://github.com/rust-lang/crates.io-index)",
 "itoa 0.1.1 (registry+https://github.com/rust-lang/crates.io-index)",
 "num-traits 0.1.37 (registry+https://github.com/rust-lang/crates.io-index)",
 "serde 0.8.23 (registry+https://github.com/rust-lang/crates.io-index)",
]

[[package]]
name = "serde_json"
version = "0.9.9"
source = "registry+https://github.com/rust-lang/crates.io-index"
dependencies = [
 "dtoa 0.4.1 (registry+https://github.com/rust-lang/crates.io-index)",
 "itoa 0.3.1 (registry+https://github.com/rust-lang/crates.io-index)",
 "num-traits 0.1.37 (registry+https://github.com/rust-lang/crates.io-index)",
 "serde 0.9.12 (registry+https://github.com/rust-lang/crates.io-index)",
]

[[package]]
name = "serde_test"
version = "0.9.12"
source = "registry+https://github.com/rust-lang/crates.io-index"
dependencies = [
 "serde 0.9.12 (registry+https://github.com/rust-lang/crates.io-index)",
]

[[package]]
name = "slab"
version = "0.3.0"
source = "registry+https://github.com/rust-lang/crates.io-index"

[[package]]
name = "solicit"
version = "0.4.4"
source = "registry+https://github.com/rust-lang/crates.io-index"
dependencies = [
 "hpack 0.2.0 (registry+https://github.com/rust-lang/crates.io-index)",
 "log 0.3.7 (registry+https://github.com/rust-lang/crates.io-index)",
]

[[package]]
name = "strsim"
version = "0.6.0"
source = "registry+https://github.com/rust-lang/crates.io-index"

[[package]]
name = "syn"
version = "0.10.8"
source = "registry+https://github.com/rust-lang/crates.io-index"
dependencies = [
 "quote 0.3.15 (registry+https://github.com/rust-lang/crates.io-index)",
 "unicode-xid 0.0.4 (registry+https://github.com/rust-lang/crates.io-index)",
]

[[package]]
name = "syn"
version = "0.11.9"
source = "registry+https://github.com/rust-lang/crates.io-index"
dependencies = [
 "quote 0.3.15 (registry+https://github.com/rust-lang/crates.io-index)",
 "synom 0.11.3 (registry+https://github.com/rust-lang/crates.io-index)",
 "unicode-xid 0.0.4 (registry+https://github.com/rust-lang/crates.io-index)",
]

[[package]]
name = "synom"
version = "0.11.3"
source = "registry+https://github.com/rust-lang/crates.io-index"
dependencies = [
 "unicode-xid 0.0.4 (registry+https://github.com/rust-lang/crates.io-index)",
]

[[package]]
name = "tempdir"
version = "0.3.5"
source = "registry+https://github.com/rust-lang/crates.io-index"
dependencies = [
 "rand 0.3.15 (registry+https://github.com/rust-lang/crates.io-index)",
]

[[package]]
name = "term_size"
version = "0.2.3"
source = "registry+https://github.com/rust-lang/crates.io-index"
dependencies = [
 "kernel32-sys 0.2.2 (registry+https://github.com/rust-lang/crates.io-index)",
 "libc 0.2.21 (registry+https://github.com/rust-lang/crates.io-index)",
 "winapi 0.2.8 (registry+https://github.com/rust-lang/crates.io-index)",
]

[[package]]
name = "thread-id"
version = "3.0.0"
source = "registry+https://github.com/rust-lang/crates.io-index"
dependencies = [
 "kernel32-sys 0.2.2 (registry+https://github.com/rust-lang/crates.io-index)",
 "libc 0.2.21 (registry+https://github.com/rust-lang/crates.io-index)",
]

[[package]]
name = "thread_local"
version = "0.3.3"
source = "registry+https://github.com/rust-lang/crates.io-index"
dependencies = [
 "thread-id 3.0.0 (registry+https://github.com/rust-lang/crates.io-index)",
 "unreachable 0.1.1 (registry+https://github.com/rust-lang/crates.io-index)",
]

[[package]]
name = "time"
version = "0.1.36"
source = "registry+https://github.com/rust-lang/crates.io-index"
dependencies = [
 "kernel32-sys 0.2.2 (registry+https://github.com/rust-lang/crates.io-index)",
 "libc 0.2.21 (registry+https://github.com/rust-lang/crates.io-index)",
 "redox_syscall 0.1.17 (registry+https://github.com/rust-lang/crates.io-index)",
 "winapi 0.2.8 (registry+https://github.com/rust-lang/crates.io-index)",
]

[[package]]
name = "tokio-core"
version = "0.1.6"
source = "registry+https://github.com/rust-lang/crates.io-index"
dependencies = [
 "bytes 0.4.1 (registry+https://github.com/rust-lang/crates.io-index)",
 "futures 0.1.11 (registry+https://github.com/rust-lang/crates.io-index)",
 "iovec 0.1.0 (registry+https://github.com/rust-lang/crates.io-index)",
 "log 0.3.7 (registry+https://github.com/rust-lang/crates.io-index)",
 "mio 0.6.6 (registry+https://github.com/rust-lang/crates.io-index)",
 "scoped-tls 0.1.0 (registry+https://github.com/rust-lang/crates.io-index)",
 "slab 0.3.0 (registry+https://github.com/rust-lang/crates.io-index)",
 "tokio-io 0.1.1 (registry+https://github.com/rust-lang/crates.io-index)",
]

[[package]]
name = "tokio-io"
version = "0.1.1"
source = "registry+https://github.com/rust-lang/crates.io-index"
dependencies = [
 "bytes 0.4.1 (registry+https://github.com/rust-lang/crates.io-index)",
 "futures 0.1.11 (registry+https://github.com/rust-lang/crates.io-index)",
 "log 0.3.7 (registry+https://github.com/rust-lang/crates.io-index)",
]

[[package]]
name = "traitobject"
version = "0.0.1"
source = "registry+https://github.com/rust-lang/crates.io-index"

[[package]]
name = "typeable"
version = "0.1.2"
source = "registry+https://github.com/rust-lang/crates.io-index"

[[package]]
name = "unicase"
version = "1.4.0"
source = "registry+https://github.com/rust-lang/crates.io-index"
dependencies = [
 "rustc_version 0.1.7 (registry+https://github.com/rust-lang/crates.io-index)",
]

[[package]]
name = "unicode-bidi"
version = "0.2.5"
source = "registry+https://github.com/rust-lang/crates.io-index"
dependencies = [
 "matches 0.1.4 (registry+https://github.com/rust-lang/crates.io-index)",
]

[[package]]
name = "unicode-normalization"
version = "0.1.4"
source = "registry+https://github.com/rust-lang/crates.io-index"

[[package]]
name = "unicode-segmentation"
version = "1.1.0"
source = "registry+https://github.com/rust-lang/crates.io-index"

[[package]]
name = "unicode-width"
version = "0.1.4"
source = "registry+https://github.com/rust-lang/crates.io-index"

[[package]]
name = "unicode-xid"
version = "0.0.4"
source = "registry+https://github.com/rust-lang/crates.io-index"

[[package]]
name = "unreachable"
version = "0.1.1"
source = "registry+https://github.com/rust-lang/crates.io-index"
dependencies = [
 "void 1.0.2 (registry+https://github.com/rust-lang/crates.io-index)",
]

[[package]]
name = "url"
version = "0.5.10"
source = "registry+https://github.com/rust-lang/crates.io-index"
dependencies = [
 "matches 0.1.4 (registry+https://github.com/rust-lang/crates.io-index)",
 "rustc-serialize 0.3.23 (registry+https://github.com/rust-lang/crates.io-index)",
 "unicode-bidi 0.2.5 (registry+https://github.com/rust-lang/crates.io-index)",
 "unicode-normalization 0.1.4 (registry+https://github.com/rust-lang/crates.io-index)",
 "uuid 0.2.3 (registry+https://github.com/rust-lang/crates.io-index)",
]

[[package]]
name = "url"
version = "1.4.0"
source = "registry+https://github.com/rust-lang/crates.io-index"
dependencies = [
 "idna 0.1.0 (registry+https://github.com/rust-lang/crates.io-index)",
 "matches 0.1.4 (registry+https://github.com/rust-lang/crates.io-index)",
]

[[package]]
name = "user32-sys"
version = "0.2.0"
source = "registry+https://github.com/rust-lang/crates.io-index"
dependencies = [
 "winapi 0.2.8 (registry+https://github.com/rust-lang/crates.io-index)",
 "winapi-build 0.1.1 (registry+https://github.com/rust-lang/crates.io-index)",
]

[[package]]
name = "utf8-ranges"
version = "1.0.0"
source = "registry+https://github.com/rust-lang/crates.io-index"

[[package]]
name = "uuid"
version = "0.2.3"
source = "registry+https://github.com/rust-lang/crates.io-index"
dependencies = [
 "rand 0.3.15 (registry+https://github.com/rust-lang/crates.io-index)",
]

[[package]]
name = "vec_map"
version = "0.7.0"
source = "registry+https://github.com/rust-lang/crates.io-index"

[[package]]
name = "void"
version = "1.0.2"
source = "registry+https://github.com/rust-lang/crates.io-index"

[[package]]
name = "walkdir"
version = "1.0.7"
source = "registry+https://github.com/rust-lang/crates.io-index"
dependencies = [
 "kernel32-sys 0.2.2 (registry+https://github.com/rust-lang/crates.io-index)",
 "same-file 0.1.3 (registry+https://github.com/rust-lang/crates.io-index)",
 "winapi 0.2.8 (registry+https://github.com/rust-lang/crates.io-index)",
]

[[package]]
name = "winapi"
version = "0.2.8"
source = "registry+https://github.com/rust-lang/crates.io-index"

[[package]]
name = "winapi-build"
version = "0.1.1"
source = "registry+https://github.com/rust-lang/crates.io-index"

[[package]]
name = "ws2_32-sys"
version = "0.2.1"
source = "registry+https://github.com/rust-lang/crates.io-index"
dependencies = [
 "winapi 0.2.8 (registry+https://github.com/rust-lang/crates.io-index)",
 "winapi-build 0.1.1 (registry+https://github.com/rust-lang/crates.io-index)",
]

[metadata]
"checksum aho-corasick 0.6.3 (registry+https://github.com/rust-lang/crates.io-index)" = "500909c4f87a9e52355b26626d890833e9e1d53ac566db76c36faa984b889699"
"checksum ansi_term 0.9.0 (registry+https://github.com/rust-lang/crates.io-index)" = "23ac7c30002a5accbf7e8987d0632fa6de155b7c3d39d0067317a391e00a2ef6"
"checksum atty 0.2.2 (registry+https://github.com/rust-lang/crates.io-index)" = "d912da0db7fa85514874458ca3651fe2cddace8d0b0505571dbdcd41ab490159"
"checksum bincode 1.0.0-alpha6 (git+https://github.com/TyOverby/bincode.git)" = "<none>"
"checksum bitflags 0.7.0 (registry+https://github.com/rust-lang/crates.io-index)" = "aad18937a628ec6abcd26d1489012cc0e18c21798210f491af69ded9b881106d"
"checksum bitflags 0.8.2 (registry+https://github.com/rust-lang/crates.io-index)" = "1370e9fc2a6ae53aea8b7a5110edbd08836ed87c88736dfabccade1c2b44bff4"
"checksum byteorder 1.0.0 (registry+https://github.com/rust-lang/crates.io-index)" = "c40977b0ee6b9885c9013cd41d9feffdd22deb3bb4dc3a71d901cc7a77de18c8"
"checksum bytes 0.4.1 (git+https://github.com/arthurprs/bytes?branch=serde)" = "<none>"
"checksum bytes 0.4.1 (registry+https://github.com/rust-lang/crates.io-index)" = "46112a0060ae15e3a3f9a445428a53e082b91215b744fa27a1948842f4a64b96"
"checksum cfg-if 0.1.0 (registry+https://github.com/rust-lang/crates.io-index)" = "de1e760d7b6535af4241fca8bd8adf68e2e7edacc6b29f5d399050c5e48cf88c"
"checksum clap 2.22.2 (registry+https://github.com/rust-lang/crates.io-index)" = "3cae8c5a1108961e9bafb1096b8cbb6a31c17ab1a276ce9b52334be99962f653"
"checksum cookie 0.2.5 (registry+https://github.com/rust-lang/crates.io-index)" = "0e3d6405328b6edb412158b3b7710e2634e23f3614b9bb1c412df7952489a626"
"checksum crc16 0.3.3 (registry+https://github.com/rust-lang/crates.io-index)" = "c72a92353403d8a423c9be7f201d85dddd9ffc616f0c286b45a144557e93e9ac"
"checksum dtoa 0.2.2 (registry+https://github.com/rust-lang/crates.io-index)" = "0dd841b58510c9618291ffa448da2e4e0f699d984d436122372f446dae62263d"
"checksum dtoa 0.4.1 (registry+https://github.com/rust-lang/crates.io-index)" = "80c8b71fd71146990a9742fc06dcbbde19161a267e0ad4e572c35162f4578c90"
"checksum env_logger 0.4.2 (registry+https://github.com/rust-lang/crates.io-index)" = "e3856f1697098606fc6cb97a93de88ca3f3bc35bb878c725920e6e82ecf05e83"
"checksum etcd 0.5.5 (registry+https://github.com/rust-lang/crates.io-index)" = "1c14d8b722efbf44eaa305a511bef5185d52fe419357062b074da9be7c729109"
"checksum futures 0.1.11 (registry+https://github.com/rust-lang/crates.io-index)" = "8e51e7f9c150ba7fd4cee9df8bf6ea3dea5b63b68955ddad19ccd35b71dcfb4d"
"checksum gcc 0.3.45 (registry+https://github.com/rust-lang/crates.io-index)" = "40899336fb50db0c78710f53e87afc54d8c7266fb76262fecc78ca1a7f09deae"
"checksum gdi32-sys 0.2.0 (registry+https://github.com/rust-lang/crates.io-index)" = "0912515a8ff24ba900422ecda800b52f4016a56251922d397c576bf92c690518"
"checksum hamming 0.1.3 (registry+https://github.com/rust-lang/crates.io-index)" = "65043da274378d68241eb9a8f8f8aa54e349136f7b8e12f63e3ef44043cc30e1"
"checksum histogram 0.6.4 (registry+https://github.com/rust-lang/crates.io-index)" = "8b336517dec01c1424711830db4f752ace81ee0459ef37caf9b821932b2f2e59"
"checksum hpack 0.2.0 (registry+https://github.com/rust-lang/crates.io-index)" = "3d2da7d3a34cf6406d9d700111b8eafafe9a251de41ae71d8052748259343b58"
"checksum httparse 1.2.1 (registry+https://github.com/rust-lang/crates.io-index)" = "a6e7a63e511f9edffbab707141fbb8707d1a3098615fb2adbd5769cdfcc9b17d"
"checksum hyper 0.8.1 (registry+https://github.com/rust-lang/crates.io-index)" = "bb0f4d00bb781e559b6e66ae4b5479df0fdf9ab15949f52fa2f1f5de16d4cc07"
"checksum idna 0.1.0 (registry+https://github.com/rust-lang/crates.io-index)" = "1053236e00ce4f668aeca4a769a09b3bf5a682d802abd6f3cb39374f6b162c11"
"checksum ieee754 0.2.1 (registry+https://github.com/rust-lang/crates.io-index)" = "4b09e329f1c87586e560c9de4f2c737a39033f8d9579f3b9949fa14532234c93"
"checksum iovec 0.1.0 (registry+https://github.com/rust-lang/crates.io-index)" = "29d062ee61fccdf25be172e70f34c9f6efc597e1fb8f6526e8437b2046ab26be"
"checksum itoa 0.1.1 (registry+https://github.com/rust-lang/crates.io-index)" = "ae3088ea4baeceb0284ee9eea42f591226e6beaecf65373e41b38d95a1b8e7a1"
"checksum itoa 0.3.1 (registry+https://github.com/rust-lang/crates.io-index)" = "eb2f404fbc66fd9aac13e998248505e7ecb2ad8e44ab6388684c5fb11c6c251c"
"checksum kernel32-sys 0.2.2 (registry+https://github.com/rust-lang/crates.io-index)" = "7507624b29483431c0ba2d82aece8ca6cdba9382bff4ddd0f7490560c056098d"
"checksum language-tags 0.2.2 (registry+https://github.com/rust-lang/crates.io-index)" = "a91d884b6667cd606bb5a69aa0c99ba811a115fc68915e7056ec08a46e93199a"
"checksum lazy_static 0.2.6 (registry+https://github.com/rust-lang/crates.io-index)" = "2f61b8421c7a4648c391611625d56fdd5c7567da05af1be655fd8cacc643abb3"
"checksum lazycell 0.4.0 (registry+https://github.com/rust-lang/crates.io-index)" = "ce12306c4739d86ee97c23139f3a34ddf0387bbf181bc7929d287025a8c3ef6b"
"checksum libc 0.2.21 (registry+https://github.com/rust-lang/crates.io-index)" = "88ee81885f9f04bff991e306fea7c1c60a5f0f9e409e99f6b40e3311a3363135"
"checksum liblmdb-sys 0.2.2 (registry+https://github.com/rust-lang/crates.io-index)" = "feed38a3a580f60bf61aaa067b0ff4123395966839adeaf67258a9e50c4d2e49"
"checksum libressl-pnacl-sys 2.1.6 (registry+https://github.com/rust-lang/crates.io-index)" = "cbc058951ab6a3ef35ca16462d7642c4867e6403520811f28537a4e2f2db3e71"
"checksum linear-map 1.1.0 (git+https://github.com/arthurprs/linear-map.git)" = "<none>"
"checksum lmdb-rs 0.7.5 (registry+https://github.com/rust-lang/crates.io-index)" = "75c299c2565126aa2a6a85391abd6c998f95f2c85471c1ab023170c08ddec1ee"
"checksum log 0.3.7 (registry+https://github.com/rust-lang/crates.io-index)" = "5141eca02775a762cc6cd564d8d2c50f67c0ea3a372cbf1c51592b3e029e10ad"
"checksum matches 0.1.4 (registry+https://github.com/rust-lang/crates.io-index)" = "efd7622e3022e1a6eaa602c4cea8912254e5582c9c692e9167714182244801b1"
"checksum memchr 1.0.1 (registry+https://github.com/rust-lang/crates.io-index)" = "1dbccc0e46f1ea47b9f17e6d67c5a96bd27030519c519c9c91327e31275a47b4"
"checksum metrics 0.2.2 (registry+https://github.com/rust-lang/crates.io-index)" = "d91eb58a8456589bbbb8796dd6dd9816f094c4bb35e5abc9d9cdb169c7176271"
"checksum mime 0.2.3 (registry+https://github.com/rust-lang/crates.io-index)" = "5514f038123342d01ee5f95129e4ef1e0470c93bc29edf058a46f9ee3ba6737e"
"checksum mio 0.6.6 (registry+https://github.com/rust-lang/crates.io-index)" = "f27d38f824a0d267d55b29b171e9e99269a53812e385fa75c1fe700ae254a6a4"
"checksum miow 0.2.1 (registry+https://github.com/rust-lang/crates.io-index)" = "8c1f2f3b1cf331de6896aabf6e9d55dca90356cc9960cca7eaaf408a355ae919"
"checksum net2 0.2.27 (registry+https://github.com/rust-lang/crates.io-index)" = "18b9642ad6222faf5ce46f6966f59b71b9775ad5758c9e09fcf0a6c8061972b4"
"checksum nodrop 0.1.9 (registry+https://github.com/rust-lang/crates.io-index)" = "52cd74cd09beba596430cc6e3091b74007169a56246e1262f0ba451ea95117b2"
"checksum num-traits 0.1.37 (registry+https://github.com/rust-lang/crates.io-index)" = "e1cbfa3781f3fe73dc05321bed52a06d2d491eaa764c52335cf4399f046ece99"
"checksum num_cpus 0.2.13 (registry+https://github.com/rust-lang/crates.io-index)" = "cee7e88156f3f9e19bdd598f8d6c9db7bf4078f99f8381f43a55b09648d1a6e3"
"checksum odds 0.2.25 (registry+https://github.com/rust-lang/crates.io-index)" = "c3df9b730298cea3a1c3faa90b7e2f9df3a9c400d0936d6015e6165734eefcba"
"checksum openssl 0.7.14 (registry+https://github.com/rust-lang/crates.io-index)" = "c4117b6244aac42ed0150a6019b4d953d28247c5dd6ae6f46ae469b5f2318733"
"checksum openssl-sys 0.7.17 (registry+https://github.com/rust-lang/crates.io-index)" = "89c47ee94c352eea9ddaf8e364be7f978a3bb6d66d73176572484238dd5a5c3f"
"checksum openssl-sys-extras 0.7.14 (registry+https://github.com/rust-lang/crates.io-index)" = "11c5e1dba7d3d03d80f045bf0d60111dc69213b67651e7c889527a3badabb9fa"
"checksum pkg-config 0.3.9 (registry+https://github.com/rust-lang/crates.io-index)" = "3a8b4c6b8165cd1a1cd4b9b120978131389f64bdaf456435caa41e630edba903"
"checksum pnacl-build-helper 1.4.11 (registry+https://github.com/rust-lang/crates.io-index)" = "dfbe13ee77c06fb633d71c72438bd983286bb3521863a753ade8e951c7efb090"
"checksum quote 0.3.15 (registry+https://github.com/rust-lang/crates.io-index)" = "7a6e920b65c65f10b2ae65c831a81a073a89edd28c7cce89475bff467ab4167a"
"checksum ramp 0.3.3 (registry+https://github.com/rust-lang/crates.io-index)" = "3e6a193f3936725ed312e80c21015b5c3beba58d47979d84712109a7eae323a7"
"checksum rand 0.3.15 (registry+https://github.com/rust-lang/crates.io-index)" = "022e0636ec2519ddae48154b028864bdce4eaf7d35226ab8e65c611be97b189d"
"checksum redox_syscall 0.1.17 (registry+https://github.com/rust-lang/crates.io-index)" = "29dbdfd4b9df8ab31dec47c6087b7b13cbf4a776f335e4de8efba8288dda075b"
"checksum regex 0.2.1 (registry+https://github.com/rust-lang/crates.io-index)" = "4278c17d0f6d62dfef0ab00028feb45bd7d2102843f80763474eeb1be8a10c01"
"checksum regex-syntax 0.4.0 (registry+https://github.com/rust-lang/crates.io-index)" = "2f9191b1f57603095f105d317e375d19b1c9c5c3185ea9633a99a6dcbed04457"
"checksum rustc-serialize 0.3.23 (registry+https://github.com/rust-lang/crates.io-index)" = "684ce48436d6465300c9ea783b6b14c4361d6b8dcbb1375b486a69cc19e2dfb0"
"checksum rustc_version 0.1.7 (registry+https://github.com/rust-lang/crates.io-index)" = "c5f5376ea5e30ce23c03eb77cbe4962b988deead10910c372b226388b594c084"
"checksum same-file 0.1.3 (registry+https://github.com/rust-lang/crates.io-index)" = "d931a44fdaa43b8637009e7632a02adc4f2b2e0733c08caa4cf00e8da4a117a7"
"checksum scoped-tls 0.1.0 (registry+https://github.com/rust-lang/crates.io-index)" = "f417c22df063e9450888a7561788e9bd46d3bb3c1466435b4eccb903807f147d"
"checksum semver 0.1.20 (registry+https://github.com/rust-lang/crates.io-index)" = "d4f410fedcf71af0345d7607d246e7ad15faaadd49d240ee3b24e5dc21a820ac"
"checksum serde 0.8.23 (registry+https://github.com/rust-lang/crates.io-index)" = "9dad3f759919b92c3068c696c15c3d17238234498bbdcc80f2c469606f948ac8"
"checksum serde 0.9.12 (registry+https://github.com/rust-lang/crates.io-index)" = "f023838e7e1878c679322dc7f66c3648bd33763a215fad752f378a623856898d"
"checksum serde_codegen 0.8.23 (registry+https://github.com/rust-lang/crates.io-index)" = "a4c5d8a33087d8984f9535daa62a6498a08f6476050b00ab9339dd847e4c25cc"
"checksum serde_codegen_internals 0.11.3 (registry+https://github.com/rust-lang/crates.io-index)" = "afad7924a009f859f380e4a2e3a509a845c2ac66435fcead74a4d983b21ae806"
"checksum serde_codegen_internals 0.14.2 (registry+https://github.com/rust-lang/crates.io-index)" = "bc888bd283bd2420b16ad0d860e35ad8acb21941180a83a189bb2046f9d00400"
"checksum serde_derive 0.8.23 (registry+https://github.com/rust-lang/crates.io-index)" = "ce44e5f4264b39e9d29c875357b7cc3ebdfb967bb9e22bfb5e44ffa400af5306"
"checksum serde_derive 0.9.12 (registry+https://github.com/rust-lang/crates.io-index)" = "ebb753639f6d55ba1acbcd330ccaf4d9f5862353ac2851e43eac63c2a5343a11"
"checksum serde_json 0.8.6 (registry+https://github.com/rust-lang/crates.io-index)" = "67f7d2e9edc3523a9c8ec8cd6ec481b3a27810aafee3e625d311febd3e656b4c"
"checksum serde_json 0.9.9 (registry+https://github.com/rust-lang/crates.io-index)" = "dbc45439552eb8fb86907a2c41c1fd0ef97458efb87ff7f878db466eb581824e"
"checksum serde_test 0.9.12 (registry+https://github.com/rust-lang/crates.io-index)" = "572c61121e711a69a5ea33c97f4b2725022ccd6c325217a65285571a536ac873"
"checksum slab 0.3.0 (registry+https://github.com/rust-lang/crates.io-index)" = "17b4fcaed89ab08ef143da37bc52adbcc04d4a69014f4c1208d6b51f0c47bc23"
"checksum solicit 0.4.4 (registry+https://github.com/rust-lang/crates.io-index)" = "172382bac9424588d7840732b250faeeef88942e37b6e35317dce98cafdd75b2"
"checksum strsim 0.6.0 (registry+https://github.com/rust-lang/crates.io-index)" = "b4d15c810519a91cf877e7e36e63fe068815c678181439f2f29e2562147c3694"
"checksum syn 0.10.8 (registry+https://github.com/rust-lang/crates.io-index)" = "58fd09df59565db3399efbba34ba8a2fec1307511ebd245d0061ff9d42691673"
"checksum syn 0.11.9 (registry+https://github.com/rust-lang/crates.io-index)" = "480c834701caba3548aa991e54677281be3a5414a9d09ddbdf4ed74a569a9d19"
"checksum synom 0.11.3 (registry+https://github.com/rust-lang/crates.io-index)" = "a393066ed9010ebaed60b9eafa373d4b1baac186dd7e008555b0f702b51945b6"
"checksum tempdir 0.3.5 (registry+https://github.com/rust-lang/crates.io-index)" = "87974a6f5c1dfb344d733055601650059a3363de2a6104819293baff662132d6"
"checksum term_size 0.2.3 (registry+https://github.com/rust-lang/crates.io-index)" = "07b6c1ac5b3fffd75073276bca1ceed01f67a28537097a2a9539e116e50fb21a"
"checksum thread-id 3.0.0 (registry+https://github.com/rust-lang/crates.io-index)" = "4437c97558c70d129e40629a5b385b3fb1ffac301e63941335e4d354081ec14a"
"checksum thread_local 0.3.3 (registry+https://github.com/rust-lang/crates.io-index)" = "c85048c6260d17cf486ceae3282d9fb6b90be220bf5b28c400f5485ffc29f0c7"
"checksum time 0.1.36 (registry+https://github.com/rust-lang/crates.io-index)" = "211b63c112206356ef1ff9b19355f43740fc3f85960c598a93d3a3d3ba7beade"
"checksum tokio-core 0.1.6 (registry+https://github.com/rust-lang/crates.io-index)" = "99e958104a67877907c1454386d5482fe8e965a55d60be834a15a44328e7dc76"
"checksum tokio-io 0.1.1 (registry+https://github.com/rust-lang/crates.io-index)" = "48f55df1341bb92281f229a6030bc2abffde2c7a44c6d6b802b7687dd8be0775"
"checksum traitobject 0.0.1 (registry+https://github.com/rust-lang/crates.io-index)" = "07eaeb7689bb7fca7ce15628319635758eda769fed481ecfe6686ddef2600616"
"checksum typeable 0.1.2 (registry+https://github.com/rust-lang/crates.io-index)" = "1410f6f91f21d1612654e7cc69193b0334f909dcf2c790c4826254fbb86f8887"
"checksum unicase 1.4.0 (registry+https://github.com/rust-lang/crates.io-index)" = "13a5906ca2b98c799f4b1ab4557b76367ebd6ae5ef14930ec841c74aed5f3764"
"checksum unicode-bidi 0.2.5 (registry+https://github.com/rust-lang/crates.io-index)" = "d3a078ebdd62c0e71a709c3d53d2af693fe09fe93fbff8344aebe289b78f9032"
"checksum unicode-normalization 0.1.4 (registry+https://github.com/rust-lang/crates.io-index)" = "e28fa37426fceeb5cf8f41ee273faa7c82c47dc8fba5853402841e665fcd86ff"
"checksum unicode-segmentation 1.1.0 (registry+https://github.com/rust-lang/crates.io-index)" = "18127285758f0e2c6cf325bb3f3d138a12fee27de4f23e146cd6a179f26c2cf3"
"checksum unicode-width 0.1.4 (registry+https://github.com/rust-lang/crates.io-index)" = "bf3a113775714a22dcb774d8ea3655c53a32debae63a063acc00a91cc586245f"
"checksum unicode-xid 0.0.4 (registry+https://github.com/rust-lang/crates.io-index)" = "8c1f860d7d29cf02cb2f3f359fd35991af3d30bac52c57d265a3c461074cb4dc"
"checksum unreachable 0.1.1 (registry+https://github.com/rust-lang/crates.io-index)" = "1f2ae5ddb18e1c92664717616dd9549dde73f539f01bd7b77c2edb2446bdff91"
"checksum url 0.5.10 (registry+https://github.com/rust-lang/crates.io-index)" = "4a3440c1ed62af4a2aee71c6fb78ef32ddcb75cfa24bf42f45e07c02b6d6a2f6"
"checksum url 1.4.0 (registry+https://github.com/rust-lang/crates.io-index)" = "f5ba8a749fb4479b043733416c244fa9d1d3af3d7c23804944651c8a448cb87e"
"checksum user32-sys 0.2.0 (registry+https://github.com/rust-lang/crates.io-index)" = "4ef4711d107b21b410a3a974b1204d9accc8b10dad75d8324b5d755de1617d47"
"checksum utf8-ranges 1.0.0 (registry+https://github.com/rust-lang/crates.io-index)" = "662fab6525a98beff2921d7f61a39e7d59e0b425ebc7d0d9e66d316e55124122"
"checksum uuid 0.2.3 (registry+https://github.com/rust-lang/crates.io-index)" = "885acc3b17fdef6230d1f7765dff1106dfd5e75a93c2f26459fbf600ed6dcc14"
"checksum vec_map 0.7.0 (registry+https://github.com/rust-lang/crates.io-index)" = "f8cdc8b93bd0198ed872357fb2e667f7125646b1762f16d60b2c96350d361897"
"checksum void 1.0.2 (registry+https://github.com/rust-lang/crates.io-index)" = "6a02e4885ed3bc0f2de90ea6dd45ebcbb66dacffe03547fadbb0eeae2770887d"
"checksum walkdir 1.0.7 (registry+https://github.com/rust-lang/crates.io-index)" = "bb08f9e670fab86099470b97cd2b252d6527f0b3cc1401acdb595ffc9dd288ff"
"checksum winapi 0.2.8 (registry+https://github.com/rust-lang/crates.io-index)" = "167dc9d6949a9b857f3451275e911c3f44255842c1f7a76f33c55103a909087a"
"checksum winapi-build 0.1.1 (registry+https://github.com/rust-lang/crates.io-index)" = "2d315eee3b34aca4797b2da6b13ed88266e6d612562a0c46390af8299fc699bc"
"checksum ws2_32-sys 0.2.1 (registry+https://github.com/rust-lang/crates.io-index)" = "d59cefebd0c892fa2dd6de581e937301d8552cb44489cdff035c6187cb63fa5e"
